
Microsoft Visual Studio Solution File, Format Version 12.00
# Visual Studio Version 17
VisualStudioVersion = 17.6.33417.168
MinimumVisualStudioVersion = 10.0.40219.1
Project("{9A19103F-16F7-4668-BE54-9A1E7A4F7556}") = "Library", "src\Library\Library.csproj", "{9ADFF1B5-4F4B-4158-B8D3-48867CE50600}"
EndProject
Project("{9A19103F-16F7-4668-BE54-9A1E7A4F7556}") = "DemoApp", "src\DemoApp\DemoApp.csproj", "{3B82848A-030B-4E1F-A826-F5BAE9053422}"
EndProject
Project("{2150E333-8FDC-42A3-9474-1A3956D46DE8}") = "Solution Items", "Solution Items", "{26833CF5-A7ED-4B8B-8481-A377FCE34F69}"
	ProjectSection(SolutionItems) = preProject
		.editorconfig = .editorconfig
		.gitattributes = .gitattributes
		.gitignore = .gitignore
		CODE_OF_CONDUCT.md = CODE_OF_CONDUCT.md
		LICENSE.md = LICENSE.md
		README.md = README.md
		SECURITY.md = SECURITY.md
		CHANGELOG.md = CHANGELOG.md
	EndProjectSection
EndProject
Global
	GlobalSection(SolutionConfigurationPlatforms) = preSolution
		Debug|Any CPU = Debug|Any CPU
		Release|Any CPU = Release|Any CPU
	EndGlobalSection
	GlobalSection(ProjectConfigurationPlatforms) = postSolution
		{9ADFF1B5-4F4B-4158-B8D3-48867CE50600}.Debug|Any CPU.ActiveCfg = Debug|Any CPU
		{9ADFF1B5-4F4B-4158-B8D3-48867CE50600}.Debug|Any CPU.Build.0 = Debug|Any CPU
		{9ADFF1B5-4F4B-4158-B8D3-48867CE50600}.Release|Any CPU.ActiveCfg = Release|Any CPU
		{9ADFF1B5-4F4B-4158-B8D3-48867CE50600}.Release|Any CPU.Build.0 = Release|Any CPU
		{3B82848A-030B-4E1F-A826-F5BAE9053422}.Debug|Any CPU.ActiveCfg = Debug|Any CPU
		{3B82848A-030B-4E1F-A826-F5BAE9053422}.Debug|Any CPU.Build.0 = Debug|Any CPU
		{3B82848A-030B-4E1F-A826-F5BAE9053422}.Release|Any CPU.ActiveCfg = Release|Any CPU
		{3B82848A-030B-4E1F-A826-F5BAE9053422}.Release|Any CPU.Build.0 = Release|Any CPU
	EndGlobalSection
	GlobalSection(SolutionProperties) = preSolution
		HideSolutionNode = FALSE
	EndGlobalSection
	GlobalSection(ExtensibilityGlobals) = postSolution
		SolutionGuid = {205E9C8A-D8A1-4E7B-A1A8-068F49BB8168}
	EndGlobalSection
EndGlobal
